{
  "name": "react-chat-gpt-4-demo",
  "lockfileVersion": 2,
  "requires": true,
  "packages": {
    "": {
      "dependencies": {
        "sse.js": "^0.6.1"
      }
    },
    "node_modules/sse.js": {
      "version": "0.6.1",
      "resolved": "https://registry.npmjs.org/sse.js/-/sse.js-0.6.1.tgz",
      "integrity": "sha512-peXG6GnWqF5hnubhMw0WfB6rqQy7z7LaMBT067vqgQwC3gKz8JGFzexBSV80FqZ9JoUDwo3Xt5nxkrGrgbPrtA=="
    }
  },
  "dependencies": {
    "sse.js": {
      "version": "0.6.1",
      "resolved": "https://registry.npmjs.org/sse.js/-/sse.js-0.6.1.tgz",
      "integrity": "sha512-peXG6GnWqF5hnubhMw0WfB6rqQy7z7LaMBT067vqgQwC3gKz8JGFzexBSV80FqZ9JoUDwo3Xt5nxkrGrgbPrtA=="
    }
  }
}
